// !$*UTF8*$!
{
	archiveVersion = 1;
	classes = {
	};
	objectVersion = 55;
	objects = {

/* Begin PBXBuildFile section */
		1B056A2B2AC58CEE00D6E93D /* CustomTabBar.swift in Sources */ = {isa = PBXBuildFile; fileRef = 1B056A2A2AC58CEE00D6E93D /* CustomTabBar.swift */; };
		1B056A2D2AC58EF200D6E93D /* ExpenseView.swift in Sources */ = {isa = PBXBuildFile; fileRef = 1B056A2C2AC58EF200D6E93D /* ExpenseView.swift */; };
		1B056A2F2AC590CD00D6E93D /* ProfileView.swift in Sources */ = {isa = PBXBuildFile; fileRef = 1B056A2E2AC590CD00D6E93D /* ProfileView.swift */; };
		1B056A312AC5912200D6E93D /* BudgetView.swift in Sources */ = {isa = PBXBuildFile; fileRef = 1B056A302AC5912200D6E93D /* BudgetView.swift */; };
		1B1E98532AC605BF008A69CA /* HomeView.swift in Sources */ = {isa = PBXBuildFile; fileRef = 1B1E98522AC605BF008A69CA /* HomeView.swift */; };
		1B1E98552AC60B2E008A69CA /* ExpenseCard.swift in Sources */ = {isa = PBXBuildFile; fileRef = 1B1E98542AC60B2E008A69CA /* ExpenseCard.swift */; };
		1B1E98572AC60C5B008A69CA /* ExpenseViewModel.swift in Sources */ = {isa = PBXBuildFile; fileRef = 1B1E98562AC60C5B008A69CA /* ExpenseViewModel.swift */; };
		1B4BCDB92AC8460300340BDC /* DGCharts in Frameworks */ = {isa = PBXBuildFile; productRef = 1B4BCDB82AC8460300340BDC /* DGCharts */; };
		1B4BCDBB2AC8460300340BDC /* DGChartsDynamic in Frameworks */ = {isa = PBXBuildFile; productRef = 1B4BCDBA2AC8460300340BDC /* DGChartsDynamic */; };
		1B5CD34B2AC70576003E83EC /* AddExpense.swift in Sources */ = {isa = PBXBuildFile; fileRef = 1B5CD34A2AC70576003E83EC /* AddExpense.swift */; };
		1B62C3872AC5A0DC00739619 /* InsightsView.swift in Sources */ = {isa = PBXBuildFile; fileRef = 1B62C3862AC5A0DC00739619 /* InsightsView.swift */; };
		1B62C3892AC5AB7200739619 /* ProfileRowView.swift in Sources */ = {isa = PBXBuildFile; fileRef = 1B62C3882AC5AB7200739619 /* ProfileRowView.swift */; };
		1BC185F82AC5DDB1004CD5D5 /* CategoryView.swift in Sources */ = {isa = PBXBuildFile; fileRef = 1BC185F72AC5DDB1004CD5D5 /* CategoryView.swift */; };
		1BFDACF22AC799C400CCE2A3 /* BudgetHistory.swift in Sources */ = {isa = PBXBuildFile; fileRef = 1BFDACF12AC799C400CCE2A3 /* BudgetHistory.swift */; };
		1BFDACF52AC7A25700CCE2A3 /* SwiftUICharts in Frameworks */ = {isa = PBXBuildFile; productRef = 1BFDACF42AC7A25700CCE2A3 /* SwiftUICharts */; };
		810208282AC4B8EA00DA7098 /* signUpView.swift in Sources */ = {isa = PBXBuildFile; fileRef = 810208272AC4B8EA00DA7098 /* signUpView.swift */; };
		8102082B2AC4BB8600DA7098 /* AuthView.swift in Sources */ = {isa = PBXBuildFile; fileRef = 8102082A2AC4BB8600DA7098 /* AuthView.swift */; };
		8102082D2AC4BBFB00DA7098 /* LoginView.swift in Sources */ = {isa = PBXBuildFile; fileRef = 8102082C2AC4BBFB00DA7098 /* LoginView.swift */; };
		81D272DB2AC361570004DBFD /* BudgetTrackingApp.swift in Sources */ = {isa = PBXBuildFile; fileRef = 81D272DA2AC361570004DBFD /* BudgetTrackingApp.swift */; };
		81D272DD2AC361570004DBFD /* ContentView.swift in Sources */ = {isa = PBXBuildFile; fileRef = 81D272DC2AC361570004DBFD /* ContentView.swift */; };
		81D272DF2AC3615A0004DBFD /* Assets.xcassets in Resources */ = {isa = PBXBuildFile; fileRef = 81D272DE2AC3615A0004DBFD /* Assets.xcassets */; };
		81D272E22AC3615A0004DBFD /* Preview Assets.xcassets in Resources */ = {isa = PBXBuildFile; fileRef = 81D272E12AC3615A0004DBFD /* Preview Assets.xcassets */; };
		81D272EC2AC3615A0004DBFD /* BudgetTrackingTests.swift in Sources */ = {isa = PBXBuildFile; fileRef = 81D272EB2AC3615A0004DBFD /* BudgetTrackingTests.swift */; };
		81D272F62AC3615A0004DBFD /* BudgetTrackingUITests.swift in Sources */ = {isa = PBXBuildFile; fileRef = 81D272F52AC3615A0004DBFD /* BudgetTrackingUITests.swift */; };
		81D272F82AC3615A0004DBFD /* BudgetTrackingUITestsLaunchTests.swift in Sources */ = {isa = PBXBuildFile; fileRef = 81D272F72AC3615A0004DBFD /* BudgetTrackingUITestsLaunchTests.swift */; };
		81D273052AC363800004DBFD /* GoogleService-Info.plist in Resources */ = {isa = PBXBuildFile; fileRef = 81D273042AC363800004DBFD /* GoogleService-Info.plist */; };
		81D273082AC3678C0004DBFD /* FirebaseAuth in Frameworks */ = {isa = PBXBuildFile; productRef = 81D273072AC3678C0004DBFD /* FirebaseAuth */; };
		81D2730A2AC3678C0004DBFD /* FirebaseFirestore in Frameworks */ = {isa = PBXBuildFile; productRef = 81D273092AC3678C0004DBFD /* FirebaseFirestore */; };
		81D2730C2AC3678C0004DBFD /* FirebaseFirestoreSwift in Frameworks */ = {isa = PBXBuildFile; productRef = 81D2730B2AC3678C0004DBFD /* FirebaseFirestoreSwift */; };
/* End PBXBuildFile section */

/* Begin PBXContainerItemProxy section */
		81D272E82AC3615A0004DBFD /* PBXContainerItemProxy */ = {
			isa = PBXContainerItemProxy;
			containerPortal = 81D272CF2AC361570004DBFD /* Project object */;
			proxyType = 1;
			remoteGlobalIDString = 81D272D62AC361570004DBFD;
			remoteInfo = BudgetTracking;
		};
		81D272F22AC3615A0004DBFD /* PBXContainerItemProxy */ = {
			isa = PBXContainerItemProxy;
			containerPortal = 81D272CF2AC361570004DBFD /* Project object */;
			proxyType = 1;
			remoteGlobalIDString = 81D272D62AC361570004DBFD;
			remoteInfo = BudgetTracking;
		};
/* End PBXContainerItemProxy section */

/* Begin PBXFileReference section */
		1B056A2A2AC58CEE00D6E93D /* CustomTabBar.swift */ = {isa = PBXFileReference; lastKnownFileType = sourcecode.swift; path = CustomTabBar.swift; sourceTree = "<group>"; };
		1B056A2C2AC58EF200D6E93D /* ExpenseView.swift */ = {isa = PBXFileReference; lastKnownFileType = sourcecode.swift; path = ExpenseView.swift; sourceTree = "<group>"; };
		1B056A2E2AC590CD00D6E93D /* ProfileView.swift */ = {isa = PBXFileReference; lastKnownFileType = sourcecode.swift; path = ProfileView.swift; sourceTree = "<group>"; };
		1B056A302AC5912200D6E93D /* BudgetView.swift */ = {isa = PBXFileReference; lastKnownFileType = sourcecode.swift; path = BudgetView.swift; sourceTree = "<group>"; };
		1B1E98522AC605BF008A69CA /* HomeView.swift */ = {isa = PBXFileReference; lastKnownFileType = sourcecode.swift; path = HomeView.swift; sourceTree = "<group>"; };
		1B1E98542AC60B2E008A69CA /* ExpenseCard.swift */ = {isa = PBXFileReference; lastKnownFileType = sourcecode.swift; path = ExpenseCard.swift; sourceTree = "<group>"; };
		1B1E98562AC60C5B008A69CA /* ExpenseViewModel.swift */ = {isa = PBXFileReference; lastKnownFileType = sourcecode.swift; path = ExpenseViewModel.swift; sourceTree = "<group>"; };
		1B5CD34A2AC70576003E83EC /* AddExpense.swift */ = {isa = PBXFileReference; lastKnownFileType = sourcecode.swift; path = AddExpense.swift; sourceTree = "<group>"; };
		1B62C3862AC5A0DC00739619 /* InsightsView.swift */ = {isa = PBXFileReference; lastKnownFileType = sourcecode.swift; path = InsightsView.swift; sourceTree = "<group>"; };
		1B62C3882AC5AB7200739619 /* ProfileRowView.swift */ = {isa = PBXFileReference; lastKnownFileType = sourcecode.swift; path = ProfileRowView.swift; sourceTree = "<group>"; };
		1BC185F72AC5DDB1004CD5D5 /* CategoryView.swift */ = {isa = PBXFileReference; lastKnownFileType = sourcecode.swift; path = CategoryView.swift; sourceTree = "<group>"; };
		1BFDACF12AC799C400CCE2A3 /* BudgetHistory.swift */ = {isa = PBXFileReference; lastKnownFileType = sourcecode.swift; path = BudgetHistory.swift; sourceTree = "<group>"; };
		810208272AC4B8EA00DA7098 /* signUpView.swift */ = {isa = PBXFileReference; lastKnownFileType = sourcecode.swift; path = signUpView.swift; sourceTree = "<group>"; };
		8102082A2AC4BB8600DA7098 /* AuthView.swift */ = {isa = PBXFileReference; lastKnownFileType = sourcecode.swift; path = AuthView.swift; sourceTree = "<group>"; };
		8102082C2AC4BBFB00DA7098 /* LoginView.swift */ = {isa = PBXFileReference; lastKnownFileType = sourcecode.swift; path = LoginView.swift; sourceTree = "<group>"; };
		81D272D72AC361570004DBFD /* BudgetTracking.app */ = {isa = PBXFileReference; explicitFileType = wrapper.application; includeInIndex = 0; path = BudgetTracking.app; sourceTree = BUILT_PRODUCTS_DIR; };
		81D272DA2AC361570004DBFD /* BudgetTrackingApp.swift */ = {isa = PBXFileReference; lastKnownFileType = sourcecode.swift; path = BudgetTrackingApp.swift; sourceTree = "<group>"; };
		81D272DC2AC361570004DBFD /* ContentView.swift */ = {isa = PBXFileReference; lastKnownFileType = sourcecode.swift; path = ContentView.swift; sourceTree = "<group>"; };
		81D272DE2AC3615A0004DBFD /* Assets.xcassets */ = {isa = PBXFileReference; lastKnownFileType = folder.assetcatalog; path = Assets.xcassets; sourceTree = "<group>"; };
		81D272E12AC3615A0004DBFD /* Preview Assets.xcassets */ = {isa = PBXFileReference; lastKnownFileType = folder.assetcatalog; path = "Preview Assets.xcassets"; sourceTree = "<group>"; };
		81D272E72AC3615A0004DBFD /* BudgetTrackingTests.xctest */ = {isa = PBXFileReference; explicitFileType = wrapper.cfbundle; includeInIndex = 0; path = BudgetTrackingTests.xctest; sourceTree = BUILT_PRODUCTS_DIR; };
		81D272EB2AC3615A0004DBFD /* BudgetTrackingTests.swift */ = {isa = PBXFileReference; lastKnownFileType = sourcecode.swift; path = BudgetTrackingTests.swift; sourceTree = "<group>"; };
		81D272F12AC3615A0004DBFD /* BudgetTrackingUITests.xctest */ = {isa = PBXFileReference; explicitFileType = wrapper.cfbundle; includeInIndex = 0; path = BudgetTrackingUITests.xctest; sourceTree = BUILT_PRODUCTS_DIR; };
		81D272F52AC3615A0004DBFD /* BudgetTrackingUITests.swift */ = {isa = PBXFileReference; lastKnownFileType = sourcecode.swift; path = BudgetTrackingUITests.swift; sourceTree = "<group>"; };
		81D272F72AC3615A0004DBFD /* BudgetTrackingUITestsLaunchTests.swift */ = {isa = PBXFileReference; lastKnownFileType = sourcecode.swift; path = BudgetTrackingUITestsLaunchTests.swift; sourceTree = "<group>"; };
		81D273042AC363800004DBFD /* GoogleService-Info.plist */ = {isa = PBXFileReference; fileEncoding = 4; lastKnownFileType = text.plist.xml; path = "GoogleService-Info.plist"; sourceTree = "<group>"; };
/* End PBXFileReference section */

/* Begin PBXFrameworksBuildPhase section */
		81D272D42AC361570004DBFD /* Frameworks */ = {
			isa = PBXFrameworksBuildPhase;
			buildActionMask = 2147483647;
			files = (
				81D273082AC3678C0004DBFD /* FirebaseAuth in Frameworks */,
				1BFDACF52AC7A25700CCE2A3 /* SwiftUICharts in Frameworks */,
				1B4BCDB92AC8460300340BDC /* DGCharts in Frameworks */,
				81D2730A2AC3678C0004DBFD /* FirebaseFirestore in Frameworks */,
				1B4BCDBB2AC8460300340BDC /* DGChartsDynamic in Frameworks */,
				81D2730C2AC3678C0004DBFD /* FirebaseFirestoreSwift in Frameworks */,
			);
			runOnlyForDeploymentPostprocessing = 0;
		};
		81D272E42AC3615A0004DBFD /* Frameworks */ = {
			isa = PBXFrameworksBuildPhase;
			buildActionMask = 2147483647;
			files = (
			);
			runOnlyForDeploymentPostprocessing = 0;
		};
		81D272EE2AC3615A0004DBFD /* Frameworks */ = {
			isa = PBXFrameworksBuildPhase;
			buildActionMask = 2147483647;
			files = (
			);
			runOnlyForDeploymentPostprocessing = 0;
		};
/* End PBXFrameworksBuildPhase section */

/* Begin PBXGroup section */
		1B056A272AC58ACA00D6E93D /* Model */ = {
			isa = PBXGroup;
			children = (
				1B056A2A2AC58CEE00D6E93D /* CustomTabBar.swift */,
				1B1E98562AC60C5B008A69CA /* ExpenseViewModel.swift */,
			);
			path = Model;
			sourceTree = "<group>";
		};
		810208292AC4B97A00DA7098 /* View */ = {
			isa = PBXGroup;
			children = (
				810208272AC4B8EA00DA7098 /* signUpView.swift */,
				8102082A2AC4BB8600DA7098 /* AuthView.swift */,
				8102082C2AC4BBFB00DA7098 /* LoginView.swift */,
				1B056A2C2AC58EF200D6E93D /* ExpenseView.swift */,
				1B056A2E2AC590CD00D6E93D /* ProfileView.swift */,
				1B056A302AC5912200D6E93D /* BudgetView.swift */,
				1B62C3862AC5A0DC00739619 /* InsightsView.swift */,
				1B62C3882AC5AB7200739619 /* ProfileRowView.swift */,
				1BC185F72AC5DDB1004CD5D5 /* CategoryView.swift */,
				1B1E98522AC605BF008A69CA /* HomeView.swift */,
				1B1E98542AC60B2E008A69CA /* ExpenseCard.swift */,
				1B5CD34A2AC70576003E83EC /* AddExpense.swift */,
				1BFDACF12AC799C400CCE2A3 /* BudgetHistory.swift */,
			);
			path = View;
			sourceTree = "<group>";
		};
		81D272CE2AC361570004DBFD = {
			isa = PBXGroup;
			children = (
				81D272D92AC361570004DBFD /* BudgetTracking */,
				81D272EA2AC3615A0004DBFD /* BudgetTrackingTests */,
				81D272F42AC3615A0004DBFD /* BudgetTrackingUITests */,
				81D272D82AC361570004DBFD /* Products */,
			);
			sourceTree = "<group>";
		};
		81D272D82AC361570004DBFD /* Products */ = {
			isa = PBXGroup;
			children = (
				81D272D72AC361570004DBFD /* BudgetTracking.app */,
				81D272E72AC3615A0004DBFD /* BudgetTrackingTests.xctest */,
				81D272F12AC3615A0004DBFD /* BudgetTrackingUITests.xctest */,
			);
			name = Products;
			sourceTree = "<group>";
		};
		81D272D92AC361570004DBFD /* BudgetTracking */ = {
			isa = PBXGroup;
			children = (
				1B056A272AC58ACA00D6E93D /* Model */,
				810208292AC4B97A00DA7098 /* View */,
				81D273042AC363800004DBFD /* GoogleService-Info.plist */,
				81D272DA2AC361570004DBFD /* BudgetTrackingApp.swift */,
				81D272DC2AC361570004DBFD /* ContentView.swift */,
				81D272DE2AC3615A0004DBFD /* Assets.xcassets */,
				81D272E02AC3615A0004DBFD /* Preview Content */,
			);
			path = BudgetTracking;
			sourceTree = "<group>";
		};
		81D272E02AC3615A0004DBFD /* Preview Content */ = {
			isa = PBXGroup;
			children = (
				81D272E12AC3615A0004DBFD /* Preview Assets.xcassets */,
			);
			path = "Preview Content";
			sourceTree = "<group>";
		};
		81D272EA2AC3615A0004DBFD /* BudgetTrackingTests */ = {
			isa = PBXGroup;
			children = (
				81D272EB2AC3615A0004DBFD /* BudgetTrackingTests.swift */,
			);
			path = BudgetTrackingTests;
			sourceTree = "<group>";
		};
		81D272F42AC3615A0004DBFD /* BudgetTrackingUITests */ = {
			isa = PBXGroup;
			children = (
				81D272F52AC3615A0004DBFD /* BudgetTrackingUITests.swift */,
				81D272F72AC3615A0004DBFD /* BudgetTrackingUITestsLaunchTests.swift */,
			);
			path = BudgetTrackingUITests;
			sourceTree = "<group>";
		};
/* End PBXGroup section */

/* Begin PBXNativeTarget section */
		81D272D62AC361570004DBFD /* BudgetTracking */ = {
			isa = PBXNativeTarget;
			buildConfigurationList = 81D272FB2AC3615B0004DBFD /* Build configuration list for PBXNativeTarget "BudgetTracking" */;
			buildPhases = (
				81D272D32AC361570004DBFD /* Sources */,
				81D272D42AC361570004DBFD /* Frameworks */,
				81D272D52AC361570004DBFD /* Resources */,
			);
			buildRules = (
			);
			dependencies = (
			);
			name = BudgetTracking;
			packageProductDependencies = (
				81D273072AC3678C0004DBFD /* FirebaseAuth */,
				81D273092AC3678C0004DBFD /* FirebaseFirestore */,
				81D2730B2AC3678C0004DBFD /* FirebaseFirestoreSwift */,
				1BFDACF42AC7A25700CCE2A3 /* SwiftUICharts */,
				1B4BCDB82AC8460300340BDC /* DGCharts */,
				1B4BCDBA2AC8460300340BDC /* DGChartsDynamic */,
			);
			productName = BudgetTracking;
			productReference = 81D272D72AC361570004DBFD /* BudgetTracking.app */;
			productType = "com.apple.product-type.application";
		};
		81D272E62AC3615A0004DBFD /* BudgetTrackingTests */ = {
			isa = PBXNativeTarget;
			buildConfigurationList = 81D272FE2AC3615B0004DBFD /* Build configuration list for PBXNativeTarget "BudgetTrackingTests" */;
			buildPhases = (
				81D272E32AC3615A0004DBFD /* Sources */,
				81D272E42AC3615A0004DBFD /* Frameworks */,
				81D272E52AC3615A0004DBFD /* Resources */,
			);
			buildRules = (
			);
			dependencies = (
				81D272E92AC3615A0004DBFD /* PBXTargetDependency */,
			);
			name = BudgetTrackingTests;
			productName = BudgetTrackingTests;
			productReference = 81D272E72AC3615A0004DBFD /* BudgetTrackingTests.xctest */;
			productType = "com.apple.product-type.bundle.unit-test";
		};
		81D272F02AC3615A0004DBFD /* BudgetTrackingUITests */ = {
			isa = PBXNativeTarget;
			buildConfigurationList = 81D273012AC3615B0004DBFD /* Build configuration list for PBXNativeTarget "BudgetTrackingUITests" */;
			buildPhases = (
				81D272ED2AC3615A0004DBFD /* Sources */,
				81D272EE2AC3615A0004DBFD /* Frameworks */,
				81D272EF2AC3615A0004DBFD /* Resources */,
			);
			buildRules = (
			);
			dependencies = (
				81D272F32AC3615A0004DBFD /* PBXTargetDependency */,
			);
			name = BudgetTrackingUITests;
			productName = BudgetTrackingUITests;
			productReference = 81D272F12AC3615A0004DBFD /* BudgetTrackingUITests.xctest */;
			productType = "com.apple.product-type.bundle.ui-testing";
		};
/* End PBXNativeTarget section */

/* Begin PBXProject section */
		81D272CF2AC361570004DBFD /* Project object */ = {
			isa = PBXProject;
			attributes = {
				BuildIndependentTargetsInParallel = 1;
				LastSwiftUpdateCheck = 1320;
				LastUpgradeCheck = 1320;
				TargetAttributes = {
					81D272D62AC361570004DBFD = {
						CreatedOnToolsVersion = 13.2.1;
					};
					81D272E62AC3615A0004DBFD = {
						CreatedOnToolsVersion = 13.2.1;
						TestTargetID = 81D272D62AC361570004DBFD;
					};
					81D272F02AC3615A0004DBFD = {
						CreatedOnToolsVersion = 13.2.1;
						TestTargetID = 81D272D62AC361570004DBFD;
					};
				};
			};
			buildConfigurationList = 81D272D22AC361570004DBFD /* Build configuration list for PBXProject "BudgetTracking" */;
			compatibilityVersion = "Xcode 13.0";
			developmentRegion = en;
			hasScannedForEncodings = 0;
			knownRegions = (
				en,
				Base,
			);
			mainGroup = 81D272CE2AC361570004DBFD;
			packageReferences = (
				81D273062AC3678C0004DBFD /* XCRemoteSwiftPackageReference "firebase-ios-sdk" */,
				1BFDACF32AC7A25700CCE2A3 /* XCRemoteSwiftPackageReference "ChartView" */,
				1B4BCDB72AC8460300340BDC /* XCRemoteSwiftPackageReference "Charts" */,
			);
			productRefGroup = 81D272D82AC361570004DBFD /* Products */;
			projectDirPath = "";
			projectRoot = "";
			targets = (
				81D272D62AC361570004DBFD /* BudgetTracking */,
				81D272E62AC3615A0004DBFD /* BudgetTrackingTests */,
				81D272F02AC3615A0004DBFD /* BudgetTrackingUITests */,
			);
		};
/* End PBXProject section */

/* Begin PBXResourcesBuildPhase section */
		81D272D52AC361570004DBFD /* Resources */ = {
			isa = PBXResourcesBuildPhase;
			buildActionMask = 2147483647;
			files = (
				81D272E22AC3615A0004DBFD /* Preview Assets.xcassets in Resources */,
				81D272DF2AC3615A0004DBFD /* Assets.xcassets in Resources */,
				81D273052AC363800004DBFD /* GoogleService-Info.plist in Resources */,
			);
			runOnlyForDeploymentPostprocessing = 0;
		};
		81D272E52AC3615A0004DBFD /* Resources */ = {
			isa = PBXResourcesBuildPhase;
			buildActionMask = 2147483647;
			files = (
			);
			runOnlyForDeploymentPostprocessing = 0;
		};
		81D272EF2AC3615A0004DBFD /* Resources */ = {
			isa = PBXResourcesBuildPhase;
			buildActionMask = 2147483647;
			files = (
			);
			runOnlyForDeploymentPostprocessing = 0;
		};
/* End PBXResourcesBuildPhase section */

/* Begin PBXSourcesBuildPhase section */
		81D272D32AC361570004DBFD /* Sources */ = {
			isa = PBXSourcesBuildPhase;
			buildActionMask = 2147483647;
			files = (
				1B056A2F2AC590CD00D6E93D /* ProfileView.swift in Sources */,
				1B62C3872AC5A0DC00739619 /* InsightsView.swift in Sources */,
				1B1E98532AC605BF008A69CA /* HomeView.swift in Sources */,
				1BC185F82AC5DDB1004CD5D5 /* CategoryView.swift in Sources */,
				81D272DD2AC361570004DBFD /* ContentView.swift in Sources */,
				81D272DB2AC361570004DBFD /* BudgetTrackingApp.swift in Sources */,
				8102082B2AC4BB8600DA7098 /* AuthView.swift in Sources */,
				1B056A312AC5912200D6E93D /* BudgetView.swift in Sources */,
				1B056A2D2AC58EF200D6E93D /* ExpenseView.swift in Sources */,
				1B62C3892AC5AB7200739619 /* ProfileRowView.swift in Sources */,
				8102082D2AC4BBFB00DA7098 /* LoginView.swift in Sources */,
				1B056A2B2AC58CEE00D6E93D /* CustomTabBar.swift in Sources */,
				1B5CD34B2AC70576003E83EC /* AddExpense.swift in Sources */,
				1B1E98552AC60B2E008A69CA /* ExpenseCard.swift in Sources */,
				1B1E98572AC60C5B008A69CA /* ExpenseViewModel.swift in Sources */,
				810208282AC4B8EA00DA7098 /* signUpView.swift in Sources */,
				1BFDACF22AC799C400CCE2A3 /* BudgetHistory.swift in Sources */,
			);
			runOnlyForDeploymentPostprocessing = 0;
		};
		81D272E32AC3615A0004DBFD /* Sources */ = {
			isa = PBXSourcesBuildPhase;
			buildActionMask = 2147483647;
			files = (
				81D272EC2AC3615A0004DBFD /* BudgetTrackingTests.swift in Sources */,
			);
			runOnlyForDeploymentPostprocessing = 0;
		};
		81D272ED2AC3615A0004DBFD /* Sources */ = {
			isa = PBXSourcesBuildPhase;
			buildActionMask = 2147483647;
			files = (
				81D272F82AC3615A0004DBFD /* BudgetTrackingUITestsLaunchTests.swift in Sources */,
				81D272F62AC3615A0004DBFD /* BudgetTrackingUITests.swift in Sources */,
			);
			runOnlyForDeploymentPostprocessing = 0;
		};
/* End PBXSourcesBuildPhase section */

/* Begin PBXTargetDependency section */
		81D272E92AC3615A0004DBFD /* PBXTargetDependency */ = {
			isa = PBXTargetDependency;
			target = 81D272D62AC361570004DBFD /* BudgetTracking */;
			targetProxy = 81D272E82AC3615A0004DBFD /* PBXContainerItemProxy */;
		};
		81D272F32AC3615A0004DBFD /* PBXTargetDependency */ = {
			isa = PBXTargetDependency;
			target = 81D272D62AC361570004DBFD /* BudgetTracking */;
			targetProxy = 81D272F22AC3615A0004DBFD /* PBXContainerItemProxy */;
		};
/* End PBXTargetDependency section */

/* Begin XCBuildConfiguration section */
		81D272F92AC3615A0004DBFD /* Debug */ = {
			isa = XCBuildConfiguration;
			buildSettings = {
				ALWAYS_SEARCH_USER_PATHS = NO;
				CLANG_ANALYZER_NONNULL = YES;
				CLANG_ANALYZER_NUMBER_OBJECT_CONVERSION = YES_AGGRESSIVE;
				CLANG_CXX_LANGUAGE_STANDARD = "gnu++17";
				CLANG_CXX_LIBRARY = "libc++";
				CLANG_ENABLE_MODULES = YES;
				CLANG_ENABLE_OBJC_ARC = YES;
				CLANG_ENABLE_OBJC_WEAK = YES;
				CLANG_WARN_BLOCK_CAPTURE_AUTORELEASING = YES;
				CLANG_WARN_BOOL_CONVERSION = YES;
				CLANG_WARN_COMMA = YES;
				CLANG_WARN_CONSTANT_CONVERSION = YES;
				CLANG_WARN_DEPRECATED_OBJC_IMPLEMENTATIONS = YES;
				CLANG_WARN_DIRECT_OBJC_ISA_USAGE = YES_ERROR;
				CLANG_WARN_DOCUMENTATION_COMMENTS = YES;
				CLANG_WARN_EMPTY_BODY = YES;
				CLANG_WARN_ENUM_CONVERSION = YES;
				CLANG_WARN_INFINITE_RECURSION = YES;
				CLANG_WARN_INT_CONVERSION = YES;
				CLANG_WARN_NON_LITERAL_NULL_CONVERSION = YES;
				CLANG_WARN_OBJC_IMPLICIT_RETAIN_SELF = YES;
				CLANG_WARN_OBJC_LITERAL_CONVERSION = YES;
				CLANG_WARN_OBJC_ROOT_CLASS = YES_ERROR;
				CLANG_WARN_QUOTED_INCLUDE_IN_FRAMEWORK_HEADER = YES;
				CLANG_WARN_RANGE_LOOP_ANALYSIS = YES;
				CLANG_WARN_STRICT_PROTOTYPES = YES;
				CLANG_WARN_SUSPICIOUS_MOVE = YES;
				CLANG_WARN_UNGUARDED_AVAILABILITY = YES_AGGRESSIVE;
				CLANG_WARN_UNREACHABLE_CODE = YES;
				CLANG_WARN__DUPLICATE_METHOD_MATCH = YES;
				COPY_PHASE_STRIP = NO;
				DEBUG_INFORMATION_FORMAT = dwarf;
				ENABLE_STRICT_OBJC_MSGSEND = YES;
				ENABLE_TESTABILITY = YES;
				GCC_C_LANGUAGE_STANDARD = gnu11;
				GCC_DYNAMIC_NO_PIC = NO;
				GCC_NO_COMMON_BLOCKS = YES;
				GCC_OPTIMIZATION_LEVEL = 0;
				GCC_PREPROCESSOR_DEFINITIONS = (
					"DEBUG=1",
					"$(inherited)",
				);
				GCC_WARN_64_TO_32_BIT_CONVERSION = YES;
				GCC_WARN_ABOUT_RETURN_TYPE = YES_ERROR;
				GCC_WARN_UNDECLARED_SELECTOR = YES;
				GCC_WARN_UNINITIALIZED_AUTOS = YES_AGGRESSIVE;
				GCC_WARN_UNUSED_FUNCTION = YES;
				GCC_WARN_UNUSED_VARIABLE = YES;
				IPHONEOS_DEPLOYMENT_TARGET = 15.2;
				MTL_ENABLE_DEBUG_INFO = INCLUDE_SOURCE;
				MTL_FAST_MATH = YES;
				ONLY_ACTIVE_ARCH = YES;
				SDKROOT = iphoneos;
				SWIFT_ACTIVE_COMPILATION_CONDITIONS = DEBUG;
				SWIFT_OPTIMIZATION_LEVEL = "-Onone";
			};
			name = Debug;
		};
		81D272FA2AC3615B0004DBFD /* Release */ = {
			isa = XCBuildConfiguration;
			buildSettings = {
				ALWAYS_SEARCH_USER_PATHS = NO;
				CLANG_ANALYZER_NONNULL = YES;
				CLANG_ANALYZER_NUMBER_OBJECT_CONVERSION = YES_AGGRESSIVE;
				CLANG_CXX_LANGUAGE_STANDARD = "gnu++17";
				CLANG_CXX_LIBRARY = "libc++";
				CLANG_ENABLE_MODULES = YES;
				CLANG_ENABLE_OBJC_ARC = YES;
				CLANG_ENABLE_OBJC_WEAK = YES;
				CLANG_WARN_BLOCK_CAPTURE_AUTORELEASING = YES;
				CLANG_WARN_BOOL_CONVERSION = YES;
				CLANG_WARN_COMMA = YES;
				CLANG_WARN_CONSTANT_CONVERSION = YES;
				CLANG_WARN_DEPRECATED_OBJC_IMPLEMENTATIONS = YES;
				CLANG_WARN_DIRECT_OBJC_ISA_USAGE = YES_ERROR;
				CLANG_WARN_DOCUMENTATION_COMMENTS = YES;
				CLANG_WARN_EMPTY_BODY = YES;
				CLANG_WARN_ENUM_CONVERSION = YES;
				CLANG_WARN_INFINITE_RECURSION = YES;
				CLANG_WARN_INT_CONVERSION = YES;
				CLANG_WARN_NON_LITERAL_NULL_CONVERSION = YES;
				CLANG_WARN_OBJC_IMPLICIT_RETAIN_SELF = YES;
				CLANG_WARN_OBJC_LITERAL_CONVERSION = YES;
				CLANG_WARN_OBJC_ROOT_CLASS = YES_ERROR;
				CLANG_WARN_QUOTED_INCLUDE_IN_FRAMEWORK_HEADER = YES;
				CLANG_WARN_RANGE_LOOP_ANALYSIS = YES;
				CLANG_WARN_STRICT_PROTOTYPES = YES;
				CLANG_WARN_SUSPICIOUS_MOVE = YES;
				CLANG_WARN_UNGUARDED_AVAILABILITY = YES_AGGRESSIVE;
				CLANG_WARN_UNREACHABLE_CODE = YES;
				CLANG_WARN__DUPLICATE_METHOD_MATCH = YES;
				COPY_PHASE_STRIP = NO;
				DEBUG_INFORMATION_FORMAT = "dwarf-with-dsym";
				ENABLE_NS_ASSERTIONS = NO;
				ENABLE_STRICT_OBJC_MSGSEND = YES;
				GCC_C_LANGUAGE_STANDARD = gnu11;
				GCC_NO_COMMON_BLOCKS = YES;
				GCC_WARN_64_TO_32_BIT_CONVERSION = YES;
				GCC_WARN_ABOUT_RETURN_TYPE = YES_ERROR;
				GCC_WARN_UNDECLARED_SELECTOR = YES;
				GCC_WARN_UNINITIALIZED_AUTOS = YES_AGGRESSIVE;
				GCC_WARN_UNUSED_FUNCTION = YES;
				GCC_WARN_UNUSED_VARIABLE = YES;
				IPHONEOS_DEPLOYMENT_TARGET = 15.2;
				MTL_ENABLE_DEBUG_INFO = NO;
				MTL_FAST_MATH = YES;
				SDKROOT = iphoneos;
				SWIFT_COMPILATION_MODE = wholemodule;
				SWIFT_OPTIMIZATION_LEVEL = "-O";
				VALIDATE_PRODUCT = YES;
			};
			name = Release;
		};
		81D272FC2AC3615B0004DBFD /* Debug */ = {
			isa = XCBuildConfiguration;
			buildSettings = {
				ASSETCATALOG_COMPILER_APPICON_NAME = AppIcon;
				ASSETCATALOG_COMPILER_GLOBAL_ACCENT_COLOR_NAME = AccentColor;
				CODE_SIGN_STYLE = Automatic;
				CURRENT_PROJECT_VERSION = 1;
				DEVELOPMENT_ASSET_PATHS = "\"BudgetTracking/Preview Content\"";
				DEVELOPMENT_TEAM = 3385CUTF47;
				ENABLE_PREVIEWS = YES;
				GENERATE_INFOPLIST_FILE = YES;
				INFOPLIST_KEY_UIApplicationSceneManifest_Generation = YES;
				INFOPLIST_KEY_UIApplicationSupportsIndirectInputEvents = YES;
				INFOPLIST_KEY_UILaunchScreen_Generation = YES;
				INFOPLIST_KEY_UISupportedInterfaceOrientations_iPad = "UIInterfaceOrientationPortrait UIInterfaceOrientationPortraitUpsideDown UIInterfaceOrientationLandscapeLeft UIInterfaceOrientationLandscapeRight";
				INFOPLIST_KEY_UISupportedInterfaceOrientations_iPhone = "UIInterfaceOrientationPortrait UIInterfaceOrientationLandscapeLeft UIInterfaceOrientationLandscapeRight";
				LD_RUNPATH_SEARCH_PATHS = (
					"$(inherited)",
					"@executable_path/Frameworks",
				);
				MARKETING_VERSION = 1.0;
				PRODUCT_BUNDLE_IDENTIFIER = com.nibm.bsc.ios.BudgetTracking;
				PRODUCT_NAME = "$(TARGET_NAME)";
				SWIFT_EMIT_LOC_STRINGS = YES;
				SWIFT_VERSION = 5.0;
				TARGETED_DEVICE_FAMILY = "1,2";
			};
			name = Debug;
		};
		81D272FD2AC3615B0004DBFD /* Release */ = {
			isa = XCBuildConfiguration;
			buildSettings = {
				ASSETCATALOG_COMPILER_APPICON_NAME = AppIcon;
				ASSETCATALOG_COMPILER_GLOBAL_ACCENT_COLOR_NAME = AccentColor;
				CODE_SIGN_STYLE = Automatic;
				CURRENT_PROJECT_VERSION = 1;
				DEVELOPMENT_ASSET_PATHS = "\"BudgetTracking/Preview Content\"";
				DEVELOPMENT_TEAM = 3385CUTF47;
				ENABLE_PREVIEWS = YES;
				GENERATE_INFOPLIST_FILE = YES;
				INFOPLIST_KEY_UIApplicationSceneManifest_Generation = YES;
				INFOPLIST_KEY_UIApplicationSupportsIndirectInputEvents = YES;
				INFOPLIST_KEY_UILaunchScreen_Generation = YES;
				INFOPLIST_KEY_UISupportedInterfaceOrientations_iPad = "UIInterfaceOrientationPortrait UIInterfaceOrientationPortraitUpsideDown UIInterfaceOrientationLandscapeLeft UIInterfaceOrientationLandscapeRight";
				INFOPLIST_KEY_UISupportedInterfaceOrientations_iPhone = "UIInterfaceOrientationPortrait UIInterfaceOrientationLandscapeLeft UIInterfaceOrientationLandscapeRight";
				LD_RUNPATH_SEARCH_PATHS = (
					"$(inherited)",
					"@executable_path/Frameworks",
				);
				MARKETING_VERSION = 1.0;
				PRODUCT_BUNDLE_IDENTIFIER = com.nibm.bsc.ios.BudgetTracking;
				PRODUCT_NAME = "$(TARGET_NAME)";
				SWIFT_EMIT_LOC_STRINGS = YES;
				SWIFT_VERSION = 5.0;
				TARGETED_DEVICE_FAMILY = "1,2";
			};
			name = Release;
		};
		81D272FF2AC3615B0004DBFD /* Debug */ = {
			isa = XCBuildConfiguration;
			buildSettings = {
				ALWAYS_EMBED_SWIFT_STANDARD_LIBRARIES = YES;
				BUNDLE_LOADER = "$(TEST_HOST)";
				CODE_SIGN_STYLE = Automatic;
				CURRENT_PROJECT_VERSION = 1;
				DEVELOPMENT_TEAM = 3385CUTF47;
				GENERATE_INFOPLIST_FILE = YES;
				IPHONEOS_DEPLOYMENT_TARGET = 15.2;
				MARKETING_VERSION = 1.0;
				PRODUCT_BUNDLE_IDENTIFIER = com.nibm.bsc.ios.BudgetTrackingTests;
				PRODUCT_NAME = "$(TARGET_NAME)";
				SWIFT_EMIT_LOC_STRINGS = NO;
				SWIFT_VERSION = 5.0;
				TARGETED_DEVICE_FAMILY = "1,2";
				TEST_HOST = "$(BUILT_PRODUCTS_DIR)/BudgetTracking.app/BudgetTracking";
			};
			name = Debug;
		};
		81D273002AC3615B0004DBFD /* Release */ = {
			isa = XCBuildConfiguration;
			buildSettings = {
				ALWAYS_EMBED_SWIFT_STANDARD_LIBRARIES = YES;
				BUNDLE_LOADER = "$(TEST_HOST)";
				CODE_SIGN_STYLE = Automatic;
				CURRENT_PROJECT_VERSION = 1;
				DEVELOPMENT_TEAM = 3385CUTF47;
				GENERATE_INFOPLIST_FILE = YES;
				IPHONEOS_DEPLOYMENT_TARGET = 15.2;
				MARKETING_VERSION = 1.0;
				PRODUCT_BUNDLE_IDENTIFIER = com.nibm.bsc.ios.BudgetTrackingTests;
				PRODUCT_NAME = "$(TARGET_NAME)";
				SWIFT_EMIT_LOC_STRINGS = NO;
				SWIFT_VERSION = 5.0;
				TARGETED_DEVICE_FAMILY = "1,2";
				TEST_HOST = "$(BUILT_PRODUCTS_DIR)/BudgetTracking.app/BudgetTracking";
			};
			name = Release;
		};
		81D273022AC3615B0004DBFD /* Debug */ = {
			isa = XCBuildConfiguration;
			buildSettings = {
				ALWAYS_EMBED_SWIFT_STANDARD_LIBRARIES = YES;
				CODE_SIGN_STYLE = Automatic;
				CURRENT_PROJECT_VERSION = 1;
				DEVELOPMENT_TEAM = 3385CUTF47;
				GENERATE_INFOPLIST_FILE = YES;
				MARKETING_VERSION = 1.0;
				PRODUCT_BUNDLE_IDENTIFIER = com.nibm.bsc.ios.BudgetTrackingUITests;
				PRODUCT_NAME = "$(TARGET_NAME)";
				SWIFT_EMIT_LOC_STRINGS = NO;
				SWIFT_VERSION = 5.0;
				TARGETED_DEVICE_FAMILY = "1,2";
				TEST_TARGET_NAME = BudgetTracking;
			};
			name = Debug;
		};
		81D273032AC3615B0004DBFD /* Release */ = {
			isa = XCBuildConfiguration;
			buildSettings = {
				ALWAYS_EMBED_SWIFT_STANDARD_LIBRARIES = YES;
				CODE_SIGN_STYLE = Automatic;
				CURRENT_PROJECT_VERSION = 1;
				DEVELOPMENT_TEAM = 3385CUTF47;
				GENERATE_INFOPLIST_FILE = YES;
				MARKETING_VERSION = 1.0;
				PRODUCT_BUNDLE_IDENTIFIER = com.nibm.bsc.ios.BudgetTrackingUITests;
				PRODUCT_NAME = "$(TARGET_NAME)";
				SWIFT_EMIT_LOC_STRINGS = NO;
				SWIFT_VERSION = 5.0;
				TARGETED_DEVICE_FAMILY = "1,2";
				TEST_TARGET_NAME = BudgetTracking;
			};
			name = Release;
		};
/* End XCBuildConfiguration section */

/* Begin XCConfigurationList section */
		81D272D22AC361570004DBFD /* Build configuration list for PBXProject "BudgetTracking" */ = {
			isa = XCConfigurationList;
			buildConfigurations = (
				81D272F92AC3615A0004DBFD /* Debug */,
				81D272FA2AC3615B0004DBFD /* Release */,
			);
			defaultConfigurationIsVisible = 0;
			defaultConfigurationName = Release;
		};
		81D272FB2AC3615B0004DBFD /* Build configuration list for PBXNativeTarget "BudgetTracking" */ = {
			isa = XCConfigurationList;
			buildConfigurations = (
				81D272FC2AC3615B0004DBFD /* Debug */,
				81D272FD2AC3615B0004DBFD /* Release */,
			);
			defaultConfigurationIsVisible = 0;
			defaultConfigurationName = Release;
		};
		81D272FE2AC3615B0004DBFD /* Build configuration list for PBXNativeTarget "BudgetTrackingTests" */ = {
			isa = XCConfigurationList;
			buildConfigurations = (
				81D272FF2AC3615B0004DBFD /* Debug */,
				81D273002AC3615B0004DBFD /* Release */,
			);
			defaultConfigurationIsVisible = 0;
			defaultConfigurationName = Release;
		};
		81D273012AC3615B0004DBFD /* Build configuration list for PBXNativeTarget "BudgetTrackingUITests" */ = {
			isa = XCConfigurationList;
			buildConfigurations = (
				81D273022AC3615B0004DBFD /* Debug */,
				81D273032AC3615B0004DBFD /* Release */,
			);
			defaultConfigurationIsVisible = 0;
			defaultConfigurationName = Release;
		};
/* End XCConfigurationList section */

/* Begin XCRemoteSwiftPackageReference section */
		1B4BCDB72AC8460300340BDC /* XCRemoteSwiftPackageReference "Charts" */ = {
			isa = XCRemoteSwiftPackageReference;
			repositoryURL = "https://github.com/danielgindi/Charts.git";
			requirement = {
				kind = upToNextMajorVersion;
				minimumVersion = 5.0.0;
			};
		};
		1BFDACF32AC7A25700CCE2A3 /* XCRemoteSwiftPackageReference "ChartView" */ = {
			isa = XCRemoteSwiftPackageReference;
			repositoryURL = "https://github.com/AppPear/ChartView";
			requirement = {
				kind = upToNextMajorVersion;
				minimumVersion = 1.0.0;
			};
		};
		81D273062AC3678C0004DBFD /* XCRemoteSwiftPackageReference "firebase-ios-sdk" */ = {
			isa = XCRemoteSwiftPackageReference;
			repositoryURL = "https://github.com/firebase/firebase-ios-sdk";
			requirement = {
				kind = upToNextMajorVersion;
				minimumVersion = 9.0.0;
			};
		};
/* End XCRemoteSwiftPackageReference section */

/* Begin XCSwiftPackageProductDependency section */
		1B4BCDB82AC8460300340BDC /* DGCharts */ = {
			isa = XCSwiftPackageProductDependency;
			package = 1B4BCDB72AC8460300340BDC /* XCRemoteSwiftPackageReference "Charts" */;
			productName = DGCharts;
		};
		1B4BCDBA2AC8460300340BDC /* DGChartsDynamic */ = {
			isa = XCSwiftPackageProductDependency;
			package = 1B4BCDB72AC8460300340BDC /* XCRemoteSwiftPackageReference "Charts" */;
			productName = DGChartsDynamic;
		};
		1BFDACF42AC7A25700CCE2A3 /* SwiftUICharts */ = {
			isa = XCSwiftPackageProductDependency;
			package = 1BFDACF32AC7A25700CCE2A3 /* XCRemoteSwiftPackageReference "ChartView" */;
			productName = SwiftUICharts;
		};
		81D273072AC3678C0004DBFD /* FirebaseAuth */ = {
			isa = XCSwiftPackageProductDependency;
			package = 81D273062AC3678C0004DBFD /* XCRemoteSwiftPackageReference "firebase-ios-sdk" */;
			productName = FirebaseAuth;
		};
		81D273092AC3678C0004DBFD /* FirebaseFirestore */ = {
			isa = XCSwiftPackageProductDependency;
			package = 81D273062AC3678C0004DBFD /* XCRemoteSwiftPackageReference "firebase-ios-sdk" */;
			productName = FirebaseFirestore;
		};
		81D2730B2AC3678C0004DBFD /* FirebaseFirestoreSwift */ = {
			isa = XCSwiftPackageProductDependency;
			package = 81D273062AC3678C0004DBFD /* XCRemoteSwiftPackageReference "firebase-ios-sdk" */;
			productName = FirebaseFirestoreSwift;
		};
/* End XCSwiftPackageProductDependency section */
	};
	rootObject = 81D272CF2AC361570004DBFD /* Project object */;
}
